
Microsoft Visual Studio Solution File, Format Version 12.00
# Visual Studio Version 16
VisualStudioVersion = 16.0.30907.101
MinimumVisualStudioVersion = 10.0.40219.1
Project("{9A19103F-16F7-4668-BE54-9A1E7A4F7556}") = "InBetweenNetGeneration", "InBetweenNetGeneration\InBetweenNetGeneration.csproj", "{0B52CEDA-B64B-449E-AC7E-E20D19300C76}"
EndProject
Global
	GlobalSection(SolutionConfigurationPlatforms) = preSolution
		Debug|Any CPU = Debug|Any CPU
		Release|Any CPU = Release|Any CPU
	EndGlobalSection
	GlobalSection(ProjectConfigurationPlatforms) = postSolution
		{0B52CEDA-B64B-449E-AC7E-E20D19300C76}.Debug|Any CPU.ActiveCfg = Debug|Any CPU
		{0B52CEDA-B64B-449E-AC7E-E20D19300C76}.Debug|Any CPU.Build.0 = Debug|Any CPU
		{0B52CEDA-B64B-449E-AC7E-E20D19300C76}.Release|Any CPU.ActiveCfg = Release|Any CPU
		{0B52CEDA-B64B-449E-AC7E-E20D19300C76}.Release|Any CPU.Build.0 = Release|Any CPU
	EndGlobalSection
	GlobalSection(SolutionProperties) = preSolution
		HideSolutionNode = FALSE
	EndGlobalSection
	GlobalSection(ExtensibilityGlobals) = postSolution
		SolutionGuid = {771BF064-28F3-477D-8B6E-0F003E323D78}
	EndGlobalSection
EndGlobal
